// !$*UTF8*$!\n{\n    "archiveVersion" : 1,\n    "objectVersion" : 46,\n    "objects" : {\n        // Project Object\n        "__rootObject" : "project_object_id",\n        // Placeholder for build configurations\n        "buildConfigurations" : [\n            {\n                // Debug configuration\n                "name" : "Debug",\n                "type" : "debug"\n            },\n            {\n                // Release configuration\n                "name" : "Release",\n                "type" : "release"\n            }\n        ],\n        "name" : "MyAwesomeGame\n    }\n}\n